
Microsoft Visual Studio Solution File, Format Version 12.00
# Visual Studio Version 16
VisualStudioVersion = 16.0.29806.167
MinimumVisualStudioVersion = 10.0.40219.1
Project("{2150E333-8FDC-42A3-9474-1A3956D46DE8}") = "01. Core", "01. Core", "{7CF8F485-2230-4B34-8EA8-296AE43CB9A1}"
EndProject
Project("{9A19103F-16F7-4668-BE54-9A1E7A4F7556}") = "Core.Domain", "Core.Domain\Core.Domain.csproj", "{26A92BBB-3466-40C5-AAFA-DB87412D4226}"
EndProject
Project("{9A19103F-16F7-4668-BE54-9A1E7A4F7556}") = "Core.ApplicationServices", "Core.ApplicationServices\Core.ApplicationServices.csproj", "{E7521F16-4BC7-4325-BF48-4D203918079D}"
EndProject
Project("{2150E333-8FDC-42A3-9474-1A3956D46DE8}") = "02. Infra", "02. Infra", "{77A78343-3758-4FC6-B65B-C710DD54B5E1}"
EndProject
Project("{2150E333-8FDC-42A3-9474-1A3956D46DE8}") = "Data", "Data", "{FB769C1C-2863-42F2-B6AE-843D50B84466}"
EndProject
Project("{9A19103F-16F7-4668-BE54-9A1E7A4F7556}") = "Infra.Data.SqlServer", "Infra.Data.SqlServer\Infra.Data.SqlServer.csproj", "{40D85222-0757-4CBA-9E75-60524E479520}"
EndProject
Project("{2150E333-8FDC-42A3-9474-1A3956D46DE8}") = "03. Endpoints", "03. Endpoints", "{E559CE2B-E8D6-43C7-BB7B-834038B2AFDE}"
EndProject
Project("{2150E333-8FDC-42A3-9474-1A3956D46DE8}") = "00. Framework", "00. Framework", "{CA73844C-6F55-4EB4-9023-5CEBCAC319DC}"
EndProject
Project("{9A19103F-16F7-4668-BE54-9A1E7A4F7556}") = "Framework.Core", "Framework.Core\Framework.Core.csproj", "{1376E3A0-7415-4B98-899E-E5BE9B59E39B}"
EndProject
Project("{9A19103F-16F7-4668-BE54-9A1E7A4F7556}") = "Framework.Web", "Framework.Web\Framework.Web.csproj", "{3B61D4D2-92ED-4811-AC57-9E0399CED40E}"
EndProject
Project("{2150E333-8FDC-42A3-9474-1A3956D46DE8}") = "Common", "Common", "{04C97DFA-5A18-4689-944B-8EC3A78A43C5}"
EndProject
Project("{9A19103F-16F7-4668-BE54-9A1E7A4F7556}") = "Infra.Common.Bootstrapper", "Infra.Common.Bootstrapper\Infra.Common.Bootstrapper.csproj", "{36A9FDD7-A1E9-4E60-98FA-274AF1B104DB}"
EndProject
Project("{9A19103F-16F7-4668-BE54-9A1E7A4F7556}") = "OnionArchitect.Api", "OnionArchitect.Api\OnionArchitect.Api.csproj", "{519A39CB-06A8-4AC6-AAD3-2541DA0E557E}"
EndProject
Project("{2150E333-8FDC-42A3-9474-1A3956D46DE8}") = "Authentication", "Authentication", "{6F0AA76A-078A-42A4-B035-493B3F721DD3}"
EndProject
Project("{9A19103F-16F7-4668-BE54-9A1E7A4F7556}") = "Infra.Authentication.Jwt", "Infra.Authentication.Jwt\Infra.Authentication.Jwt.csproj", "{79C895DC-1360-4D13-859A-68AAAEB3F835}"
EndProject
Project("{9A19103F-16F7-4668-BE54-9A1E7A4F7556}") = "Infra.Authentication.Identity", "Infra.Authentication.Identity\Infra.Authentication.Identity.csproj", "{94733A34-AB54-4AA1-9B2D-422061B9D45E}"
EndProject
Project("{9A19103F-16F7-4668-BE54-9A1E7A4F7556}") = "Framework.Infra", "Framework.Infra\Framework.Infra.csproj", "{B2CD963E-760E-434A-883C-A522C69484BE}"
EndProject
Global
	GlobalSection(SolutionConfigurationPlatforms) = preSolution
		Debug|Any CPU = Debug|Any CPU
		Release|Any CPU = Release|Any CPU
	EndGlobalSection
	GlobalSection(ProjectConfigurationPlatforms) = postSolution
		{26A92BBB-3466-40C5-AAFA-DB87412D4226}.Debug|Any CPU.ActiveCfg = Debug|Any CPU
		{26A92BBB-3466-40C5-AAFA-DB87412D4226}.Debug|Any CPU.Build.0 = Debug|Any CPU
		{26A92BBB-3466-40C5-AAFA-DB87412D4226}.Release|Any CPU.ActiveCfg = Release|Any CPU
		{26A92BBB-3466-40C5-AAFA-DB87412D4226}.Release|Any CPU.Build.0 = Release|Any CPU
		{E7521F16-4BC7-4325-BF48-4D203918079D}.Debug|Any CPU.ActiveCfg = Debug|Any CPU
		{E7521F16-4BC7-4325-BF48-4D203918079D}.Debug|Any CPU.Build.0 = Debug|Any CPU
		{E7521F16-4BC7-4325-BF48-4D203918079D}.Release|Any CPU.ActiveCfg = Release|Any CPU
		{E7521F16-4BC7-4325-BF48-4D203918079D}.Release|Any CPU.Build.0 = Release|Any CPU
		{40D85222-0757-4CBA-9E75-60524E479520}.Debug|Any CPU.ActiveCfg = Debug|Any CPU
		{40D85222-0757-4CBA-9E75-60524E479520}.Debug|Any CPU.Build.0 = Debug|Any CPU
		{40D85222-0757-4CBA-9E75-60524E479520}.Release|Any CPU.ActiveCfg = Release|Any CPU
		{40D85222-0757-4CBA-9E75-60524E479520}.Release|Any CPU.Build.0 = Release|Any CPU
		{1376E3A0-7415-4B98-899E-E5BE9B59E39B}.Debug|Any CPU.ActiveCfg = Debug|Any CPU
		{1376E3A0-7415-4B98-899E-E5BE9B59E39B}.Debug|Any CPU.Build.0 = Debug|Any CPU
		{1376E3A0-7415-4B98-899E-E5BE9B59E39B}.Release|Any CPU.ActiveCfg = Release|Any CPU
		{1376E3A0-7415-4B98-899E-E5BE9B59E39B}.Release|Any CPU.Build.0 = Release|Any CPU
		{3B61D4D2-92ED-4811-AC57-9E0399CED40E}.Debug|Any CPU.ActiveCfg = Debug|Any CPU
		{3B61D4D2-92ED-4811-AC57-9E0399CED40E}.Debug|Any CPU.Build.0 = Debug|Any CPU
		{3B61D4D2-92ED-4811-AC57-9E0399CED40E}.Release|Any CPU.ActiveCfg = Release|Any CPU
		{3B61D4D2-92ED-4811-AC57-9E0399CED40E}.Release|Any CPU.Build.0 = Release|Any CPU
		{36A9FDD7-A1E9-4E60-98FA-274AF1B104DB}.Debug|Any CPU.ActiveCfg = Debug|Any CPU
		{36A9FDD7-A1E9-4E60-98FA-274AF1B104DB}.Debug|Any CPU.Build.0 = Debug|Any CPU
		{36A9FDD7-A1E9-4E60-98FA-274AF1B104DB}.Release|Any CPU.ActiveCfg = Release|Any CPU
		{36A9FDD7-A1E9-4E60-98FA-274AF1B104DB}.Release|Any CPU.Build.0 = Release|Any CPU
		{519A39CB-06A8-4AC6-AAD3-2541DA0E557E}.Debug|Any CPU.ActiveCfg = Debug|Any CPU
		{519A39CB-06A8-4AC6-AAD3-2541DA0E557E}.Debug|Any CPU.Build.0 = Debug|Any CPU
		{519A39CB-06A8-4AC6-AAD3-2541DA0E557E}.Release|Any CPU.ActiveCfg = Release|Any CPU
		{519A39CB-06A8-4AC6-AAD3-2541DA0E557E}.Release|Any CPU.Build.0 = Release|Any CPU
		{79C895DC-1360-4D13-859A-68AAAEB3F835}.Debug|Any CPU.ActiveCfg = Debug|Any CPU
		{79C895DC-1360-4D13-859A-68AAAEB3F835}.Debug|Any CPU.Build.0 = Debug|Any CPU
		{79C895DC-1360-4D13-859A-68AAAEB3F835}.Release|Any CPU.ActiveCfg = Release|Any CPU
		{79C895DC-1360-4D13-859A-68AAAEB3F835}.Release|Any CPU.Build.0 = Release|Any CPU
		{94733A34-AB54-4AA1-9B2D-422061B9D45E}.Debug|Any CPU.ActiveCfg = Debug|Any CPU
		{94733A34-AB54-4AA1-9B2D-422061B9D45E}.Debug|Any CPU.Build.0 = Debug|Any CPU
		{94733A34-AB54-4AA1-9B2D-422061B9D45E}.Release|Any CPU.ActiveCfg = Release|Any CPU
		{94733A34-AB54-4AA1-9B2D-422061B9D45E}.Release|Any CPU.Build.0 = Release|Any CPU
		{B2CD963E-760E-434A-883C-A522C69484BE}.Debug|Any CPU.ActiveCfg = Debug|Any CPU
		{B2CD963E-760E-434A-883C-A522C69484BE}.Debug|Any CPU.Build.0 = Debug|Any CPU
		{B2CD963E-760E-434A-883C-A522C69484BE}.Release|Any CPU.ActiveCfg = Release|Any CPU
		{B2CD963E-760E-434A-883C-A522C69484BE}.Release|Any CPU.Build.0 = Release|Any CPU
	EndGlobalSection
	GlobalSection(SolutionProperties) = preSolution
		HideSolutionNode = FALSE
	EndGlobalSection
	GlobalSection(NestedProjects) = preSolution
		{26A92BBB-3466-40C5-AAFA-DB87412D4226} = {7CF8F485-2230-4B34-8EA8-296AE43CB9A1}
		{E7521F16-4BC7-4325-BF48-4D203918079D} = {7CF8F485-2230-4B34-8EA8-296AE43CB9A1}
		{FB769C1C-2863-42F2-B6AE-843D50B84466} = {77A78343-3758-4FC6-B65B-C710DD54B5E1}
		{40D85222-0757-4CBA-9E75-60524E479520} = {FB769C1C-2863-42F2-B6AE-843D50B84466}
		{1376E3A0-7415-4B98-899E-E5BE9B59E39B} = {CA73844C-6F55-4EB4-9023-5CEBCAC319DC}
		{3B61D4D2-92ED-4811-AC57-9E0399CED40E} = {CA73844C-6F55-4EB4-9023-5CEBCAC319DC}
		{04C97DFA-5A18-4689-944B-8EC3A78A43C5} = {77A78343-3758-4FC6-B65B-C710DD54B5E1}
		{36A9FDD7-A1E9-4E60-98FA-274AF1B104DB} = {04C97DFA-5A18-4689-944B-8EC3A78A43C5}
		{519A39CB-06A8-4AC6-AAD3-2541DA0E557E} = {E559CE2B-E8D6-43C7-BB7B-834038B2AFDE}
		{6F0AA76A-078A-42A4-B035-493B3F721DD3} = {77A78343-3758-4FC6-B65B-C710DD54B5E1}
		{79C895DC-1360-4D13-859A-68AAAEB3F835} = {6F0AA76A-078A-42A4-B035-493B3F721DD3}
		{94733A34-AB54-4AA1-9B2D-422061B9D45E} = {6F0AA76A-078A-42A4-B035-493B3F721DD3}
		{B2CD963E-760E-434A-883C-A522C69484BE} = {CA73844C-6F55-4EB4-9023-5CEBCAC319DC}
	EndGlobalSection
	GlobalSection(ExtensibilityGlobals) = postSolution
		SolutionGuid = {E2BE3481-0720-4F96-AC5D-D13DB0A6A736}
	EndGlobalSection
EndGlobal
